// !$*UTF8*$!
{
	archiveVersion = 1;
	classes = {
	};
	objectVersion = 77;
	objects = {

/* Begin PBXBuildFile section */
		4611321F2CC51AAB0044E591 /* IonageSDKLibraryTest in Frameworks */ = {isa = PBXBuildFile; productRef = 4611321E2CC51AAB0044E591 /* IonageSDKLibraryTest */; };
/* End PBXBuildFile section */

/* Begin PBXContainerItemProxy section */
		461131F62CC516190044E591 /* PBXContainerItemProxy */ = {
			isa = PBXContainerItemProxy;
			containerPortal = 461131DD2CC516180044E591 /* Project object */;
			proxyType = 1;
			remoteGlobalIDString = 461131E42CC516180044E591;
			remoteInfo = IonageIosSdkTestApp;
		};
		461132002CC516190044E591 /* PBXContainerItemProxy */ = {
			isa = PBXContainerItemProxy;
			containerPortal = 461131DD2CC516180044E591 /* Project object */;
			proxyType = 1;
			remoteGlobalIDString = 461131E42CC516180044E591;
			remoteInfo = IonageIosSdkTestApp;
		};
/* End PBXContainerItemProxy section */

/* Begin PBXFileReference section */
		461131E52CC516180044E591 /* IonageIosSdkTestApp.app */ = {isa = PBXFileReference; explicitFileType = wrapper.application; includeInIndex = 0; path = IonageIosSdkTestApp.app; sourceTree = BUILT_PRODUCTS_DIR; };
		461131F52CC516190044E591 /* IonageIosSdkTestAppTests.xctest */ = {isa = PBXFileReference; explicitFileType = wrapper.cfbundle; includeInIndex = 0; path = IonageIosSdkTestAppTests.xctest; sourceTree = BUILT_PRODUCTS_DIR; };
		461131FF2CC516190044E591 /* IonageIosSdkTestAppUITests.xctest */ = {isa = PBXFileReference; explicitFileType = wrapper.cfbundle; includeInIndex = 0; path = IonageIosSdkTestAppUITests.xctest; sourceTree = BUILT_PRODUCTS_DIR; };
/* End PBXFileReference section */

/* Begin PBXFileSystemSynchronizedRootGroup section */
		461131E72CC516180044E591 /* IonageIosSdkTestApp */ = {
			isa = PBXFileSystemSynchronizedRootGroup;
			path = IonageIosSdkTestApp;
			sourceTree = "<group>";
		};
		461131F82CC516190044E591 /* IonageIosSdkTestAppTests */ = {
			isa = PBXFileSystemSynchronizedRootGroup;
			path = IonageIosSdkTestAppTests;
			sourceTree = "<group>";
		};
		461132022CC516190044E591 /* IonageIosSdkTestAppUITests */ = {
			isa = PBXFileSystemSynchronizedRootGroup;
			path = IonageIosSdkTestAppUITests;
			sourceTree = "<group>";
		};
/* End PBXFileSystemSynchronizedRootGroup section */

/* Begin PBXFrameworksBuildPhase section */
		461131E22CC516180044E591 /* Frameworks */ = {
			isa = PBXFrameworksBuildPhase;
			buildActionMask = 2147483647;
			files = (
				4611321F2CC51AAB0044E591 /* IonageSDKLibraryTest in Frameworks */,
			);
			runOnlyForDeploymentPostprocessing = 0;
		};
		461131F22CC516190044E591 /* Frameworks */ = {
			isa = PBXFrameworksBuildPhase;
			buildActionMask = 2147483647;
			files = (
			);
			runOnlyForDeploymentPostprocessing = 0;
		};
		461131FC2CC516190044E591 /* Frameworks */ = {
			isa = PBXFrameworksBuildPhase;
			buildActionMask = 2147483647;
			files = (
			);
			runOnlyForDeploymentPostprocessing = 0;
		};
/* End PBXFrameworksBuildPhase section */

/* Begin PBXGroup section */
		461131DC2CC516180044E591 = {
			isa = PBXGroup;
			children = (
				461131E72CC516180044E591 /* IonageIosSdkTestApp */,
				461131F82CC516190044E591 /* IonageIosSdkTestAppTests */,
				461132022CC516190044E591 /* IonageIosSdkTestAppUITests */,
				461131E62CC516180044E591 /* Products */,
			);
			sourceTree = "<group>";
		};
		461131E62CC516180044E591 /* Products */ = {
			isa = PBXGroup;
			children = (
				461131E52CC516180044E591 /* IonageIosSdkTestApp.app */,
				461131F52CC516190044E591 /* IonageIosSdkTestAppTests.xctest */,
				461131FF2CC516190044E591 /* IonageIosSdkTestAppUITests.xctest */,
			);
			name = Products;
			sourceTree = "<group>";
		};
/* End PBXGroup section */

/* Begin PBXNativeTarget section */
		461131E42CC516180044E591 /* IonageIosSdkTestApp */ = {
			isa = PBXNativeTarget;
			buildConfigurationList = 461132092CC516190044E591 /* Build configuration list for PBXNativeTarget "IonageIosSdkTestApp" */;
			buildPhases = (
				461131E12CC516180044E591 /* Sources */,
				461131E22CC516180044E591 /* Frameworks */,
				461131E32CC516180044E591 /* Resources */,
			);
			buildRules = (
			);
			dependencies = (
			);
			fileSystemSynchronizedGroups = (
				461131E72CC516180044E591 /* IonageIosSdkTestApp */,
			);
			name = IonageIosSdkTestApp;
			packageProductDependencies = (
				4611321E2CC51AAB0044E591 /* IonageSDKLibraryTest */,
			);
			productName = IonageIosSdkTestApp;
			productReference = 461131E52CC516180044E591 /* IonageIosSdkTestApp.app */;
			productType = "com.apple.product-type.application";
		};
		461131F42CC516190044E591 /* IonageIosSdkTestAppTests */ = {
			isa = PBXNativeTarget;
			buildConfigurationList = 4611320C2CC516190044E591 /* Build configuration list for PBXNativeTarget "IonageIosSdkTestAppTests" */;
			buildPhases = (
				461131F12CC516190044E591 /* Sources */,
				461131F22CC516190044E591 /* Frameworks */,
				461131F32CC516190044E591 /* Resources */,
			);
			buildRules = (
			);
			dependencies = (
				461131F72CC516190044E591 /* PBXTargetDependency */,
			);
			fileSystemSynchronizedGroups = (
				461131F82CC516190044E591 /* IonageIosSdkTestAppTests */,
			);
			name = IonageIosSdkTestAppTests;
			packageProductDependencies = (
			);
			productName = IonageIosSdkTestAppTests;
			productReference = 461131F52CC516190044E591 /* IonageIosSdkTestAppTests.xctest */;
			productType = "com.apple.product-type.bundle.unit-test";
		};
		461131FE2CC516190044E591 /* IonageIosSdkTestAppUITests */ = {
			isa = PBXNativeTarget;
			buildConfigurationList = 4611320F2CC516190044E591 /* Build configuration list for PBXNativeTarget "IonageIosSdkTestAppUITests" */;
			buildPhases = (
				461131FB2CC516190044E591 /* Sources */,
				461131FC2CC516190044E591 /* Frameworks */,
				461131FD2CC516190044E591 /* Resources */,
			);
			buildRules = (
			);
			dependencies = (
				461132012CC516190044E591 /* PBXTargetDependency */,
			);
			fileSystemSynchronizedGroups = (
				461132022CC516190044E591 /* IonageIosSdkTestAppUITests */,
			);
			name = IonageIosSdkTestAppUITests;
			packageProductDependencies = (
			);
			productName = IonageIosSdkTestAppUITests;
			productReference = 461131FF2CC516190044E591 /* IonageIosSdkTestAppUITests.xctest */;
			productType = "com.apple.product-type.bundle.ui-testing";
		};
/* End PBXNativeTarget section */

/* Begin PBXProject section */
		461131DD2CC516180044E591 /* Project object */ = {
			isa = PBXProject;
			attributes = {
				BuildIndependentTargetsInParallel = 1;
				LastSwiftUpdateCheck = 1600;
				LastUpgradeCheck = 1600;
				TargetAttributes = {
					461131E42CC516180044E591 = {
						CreatedOnToolsVersion = 16.0;
					};
					461131F42CC516190044E591 = {
						CreatedOnToolsVersion = 16.0;
						TestTargetID = 461131E42CC516180044E591;
					};
					461131FE2CC516190044E591 = {
						CreatedOnToolsVersion = 16.0;
						TestTargetID = 461131E42CC516180044E591;
					};
				};
			};
			buildConfigurationList = 461131E02CC516180044E591 /* Build configuration list for PBXProject "IonageIosSdkTestApp" */;
			developmentRegion = en;
			hasScannedForEncodings = 0;
			knownRegions = (
				en,
				Base,
			);
			mainGroup = 461131DC2CC516180044E591;
			minimizedProjectReferenceProxies = 1;
			packageReferences = (
				4611321D2CC51AAB0044E591 /* XCRemoteSwiftPackageReference "IonageSDKLibraryTest" */,
			);
			preferredProjectObjectVersion = 77;
			productRefGroup = 461131E62CC516180044E591 /* Products */;
			projectDirPath = "";
			projectRoot = "";
			targets = (
				461131E42CC516180044E591 /* IonageIosSdkTestApp */,
				461131F42CC516190044E591 /* IonageIosSdkTestAppTests */,
				461131FE2CC516190044E591 /* IonageIosSdkTestAppUITests */,
			);
		};
/* End PBXProject section */

/* Begin PBXResourcesBuildPhase section */
		461131E32CC516180044E591 /* Resources */ = {
			isa = PBXResourcesBuildPhase;
			buildActionMask = 2147483647;
			files = (
			);
			runOnlyForDeploymentPostprocessing = 0;
		};
		461131F32CC516190044E591 /* Resources */ = {
			isa = PBXResourcesBuildPhase;
			buildActionMask = 2147483647;
			files = (
			);
			runOnlyForDeploymentPostprocessing = 0;
		};
		461131FD2CC516190044E591 /* Resources */ = {
			isa = PBXResourcesBuildPhase;
			buildActionMask = 2147483647;
			files = (
			);
			runOnlyForDeploymentPostprocessing = 0;
		};
/* End PBXResourcesBuildPhase section */

/* Begin PBXSourcesBuildPhase section */
		461131E12CC516180044E591 /* Sources */ = {
			isa = PBXSourcesBuildPhase;
			buildActionMask = 2147483647;
			files = (
			);
			runOnlyForDeploymentPostprocessing = 0;
		};
		461131F12CC516190044E591 /* Sources */ = {
			isa = PBXSourcesBuildPhase;
			buildActionMask = 2147483647;
			files = (
			);
			runOnlyForDeploymentPostprocessing = 0;
		};
		461131FB2CC516190044E591 /* Sources */ = {
			isa = PBXSourcesBuildPhase;
			buildActionMask = 2147483647;
			files = (
			);
			runOnlyForDeploymentPostprocessing = 0;
		};
/* End PBXSourcesBuildPhase section */

/* Begin PBXTargetDependency section */
		461131F72CC516190044E591 /* PBXTargetDependency */ = {
			isa = PBXTargetDependency;
			target = 461131E42CC516180044E591 /* IonageIosSdkTestApp */;
			targetProxy = 461131F62CC516190044E591 /* PBXContainerItemProxy */;
		};
		461132012CC516190044E591 /* PBXTargetDependency */ = {
			isa = PBXTargetDependency;
			target = 461131E42CC516180044E591 /* IonageIosSdkTestApp */;
			targetProxy = 461132002CC516190044E591 /* PBXContainerItemProxy */;
		};
/* End PBXTargetDependency section */

/* Begin XCBuildConfiguration section */
		461132072CC516190044E591 /* Debug */ = {
			isa = XCBuildConfiguration;
			buildSettings = {
				ALWAYS_SEARCH_USER_PATHS = NO;
				ASSETCATALOG_COMPILER_GENERATE_SWIFT_ASSET_SYMBOL_EXTENSIONS = YES;
				CLANG_ANALYZER_NONNULL = YES;
				CLANG_ANALYZER_NUMBER_OBJECT_CONVERSION = YES_AGGRESSIVE;
				CLANG_CXX_LANGUAGE_STANDARD = "gnu++20";
				CLANG_ENABLE_MODULES = YES;
				CLANG_ENABLE_OBJC_ARC = YES;
				CLANG_ENABLE_OBJC_WEAK = YES;
				CLANG_WARN_BLOCK_CAPTURE_AUTORELEASING = YES;
				CLANG_WARN_BOOL_CONVERSION = YES;
				CLANG_WARN_COMMA = YES;
				CLANG_WARN_CONSTANT_CONVERSION = YES;
				CLANG_WARN_DEPRECATED_OBJC_IMPLEMENTATIONS = YES;
				CLANG_WARN_DIRECT_OBJC_ISA_USAGE = YES_ERROR;
				CLANG_WARN_DOCUMENTATION_COMMENTS = YES;
				CLANG_WARN_EMPTY_BODY = YES;
				CLANG_WARN_ENUM_CONVERSION = YES;
				CLANG_WARN_INFINITE_RECURSION = YES;
				CLANG_WARN_INT_CONVERSION = YES;
				CLANG_WARN_NON_LITERAL_NULL_CONVERSION = YES;
				CLANG_WARN_OBJC_IMPLICIT_RETAIN_SELF = YES;
				CLANG_WARN_OBJC_LITERAL_CONVERSION = YES;
				CLANG_WARN_OBJC_ROOT_CLASS = YES_ERROR;
				CLANG_WARN_QUOTED_INCLUDE_IN_FRAMEWORK_HEADER = YES;
				CLANG_WARN_RANGE_LOOP_ANALYSIS = YES;
				CLANG_WARN_STRICT_PROTOTYPES = YES;
				CLANG_WARN_SUSPICIOUS_MOVE = YES;
				CLANG_WARN_UNGUARDED_AVAILABILITY = YES_AGGRESSIVE;
				CLANG_WARN_UNREACHABLE_CODE = YES;
				CLANG_WARN__DUPLICATE_METHOD_MATCH = YES;
				COPY_PHASE_STRIP = NO;
				DEBUG_INFORMATION_FORMAT = dwarf;
				ENABLE_STRICT_OBJC_MSGSEND = YES;
				ENABLE_TESTABILITY = YES;
				ENABLE_USER_SCRIPT_SANDBOXING = YES;
				GCC_C_LANGUAGE_STANDARD = gnu17;
				GCC_DYNAMIC_NO_PIC = NO;
				GCC_NO_COMMON_BLOCKS = YES;
				GCC_OPTIMIZATION_LEVEL = 0;
				GCC_PREPROCESSOR_DEFINITIONS = (
					"DEBUG=1",
					"$(inherited)",
				);
				GCC_WARN_64_TO_32_BIT_CONVERSION = YES;
				GCC_WARN_ABOUT_RETURN_TYPE = YES_ERROR;
				GCC_WARN_UNDECLARED_SELECTOR = YES;
				GCC_WARN_UNINITIALIZED_AUTOS = YES_AGGRESSIVE;
				GCC_WARN_UNUSED_FUNCTION = YES;
				GCC_WARN_UNUSED_VARIABLE = YES;
				IPHONEOS_DEPLOYMENT_TARGET = 18.0;
				LOCALIZATION_PREFERS_STRING_CATALOGS = YES;
				MTL_ENABLE_DEBUG_INFO = INCLUDE_SOURCE;
				MTL_FAST_MATH = YES;
				ONLY_ACTIVE_ARCH = YES;
				SDKROOT = iphoneos;
				SWIFT_ACTIVE_COMPILATION_CONDITIONS = "DEBUG $(inherited)";
				SWIFT_OPTIMIZATION_LEVEL = "-Onone";
			};
			name = Debug;
		};
		461132082CC516190044E591 /* Release */ = {
			isa = XCBuildConfiguration;
			buildSettings = {
				ALWAYS_SEARCH_USER_PATHS = NO;
				ASSETCATALOG_COMPILER_GENERATE_SWIFT_ASSET_SYMBOL_EXTENSIONS = YES;
				CLANG_ANALYZER_NONNULL = YES;
				CLANG_ANALYZER_NUMBER_OBJECT_CONVERSION = YES_AGGRESSIVE;
				CLANG_CXX_LANGUAGE_STANDARD = "gnu++20";
				CLANG_ENABLE_MODULES = YES;
				CLANG_ENABLE_OBJC_ARC = YES;
				CLANG_ENABLE_OBJC_WEAK = YES;
				CLANG_WARN_BLOCK_CAPTURE_AUTORELEASING = YES;
				CLANG_WARN_BOOL_CONVERSION = YES;
				CLANG_WARN_COMMA = YES;
				CLANG_WARN_CONSTANT_CONVERSION = YES;
				CLANG_WARN_DEPRECATED_OBJC_IMPLEMENTATIONS = YES;
				CLANG_WARN_DIRECT_OBJC_ISA_USAGE = YES_ERROR;
				CLANG_WARN_DOCUMENTATION_COMMENTS = YES;
				CLANG_WARN_EMPTY_BODY = YES;
				CLANG_WARN_ENUM_CONVERSION = YES;
				CLANG_WARN_INFINITE_RECURSION = YES;
				CLANG_WARN_INT_CONVERSION = YES;
				CLANG_WARN_NON_LITERAL_NULL_CONVERSION = YES;
				CLANG_WARN_OBJC_IMPLICIT_RETAIN_SELF = YES;
				CLANG_WARN_OBJC_LITERAL_CONVERSION = YES;
				CLANG_WARN_OBJC_ROOT_CLASS = YES_ERROR;
				CLANG_WARN_QUOTED_INCLUDE_IN_FRAMEWORK_HEADER = YES;
				CLANG_WARN_RANGE_LOOP_ANALYSIS = YES;
				CLANG_WARN_STRICT_PROTOTYPES = YES;
				CLANG_WARN_SUSPICIOUS_MOVE = YES;
				CLANG_WARN_UNGUARDED_AVAILABILITY = YES_AGGRESSIVE;
				CLANG_WARN_UNREACHABLE_CODE = YES;
				CLANG_WARN__DUPLICATE_METHOD_MATCH = YES;
				COPY_PHASE_STRIP = NO;
				DEBUG_INFORMATION_FORMAT = "dwarf-with-dsym";
				ENABLE_NS_ASSERTIONS = NO;
				ENABLE_STRICT_OBJC_MSGSEND = YES;
				ENABLE_USER_SCRIPT_SANDBOXING = YES;
				GCC_C_LANGUAGE_STANDARD = gnu17;
				GCC_NO_COMMON_BLOCKS = YES;
				GCC_WARN_64_TO_32_BIT_CONVERSION = YES;
				GCC_WARN_ABOUT_RETURN_TYPE = YES_ERROR;
				GCC_WARN_UNDECLARED_SELECTOR = YES;
				GCC_WARN_UNINITIALIZED_AUTOS = YES_AGGRESSIVE;
				GCC_WARN_UNUSED_FUNCTION = YES;
				GCC_WARN_UNUSED_VARIABLE = YES;
				IPHONEOS_DEPLOYMENT_TARGET = 18.0;
				LOCALIZATION_PREFERS_STRING_CATALOGS = YES;
				MTL_ENABLE_DEBUG_INFO = NO;
				MTL_FAST_MATH = YES;
				SDKROOT = iphoneos;
				SWIFT_COMPILATION_MODE = wholemodule;
				VALIDATE_PRODUCT = YES;
			};
			name = Release;
		};
		4611320A2CC516190044E591 /* Debug */ = {
			isa = XCBuildConfiguration;
			buildSettings = {
				ASSETCATALOG_COMPILER_APPICON_NAME = AppIcon;
				ASSETCATALOG_COMPILER_GLOBAL_ACCENT_COLOR_NAME = AccentColor;
				CODE_SIGN_STYLE = Automatic;
				CURRENT_PROJECT_VERSION = 1;
				DEVELOPMENT_ASSET_PATHS = "\"IonageIosSdkTestApp/Preview Content\"";
				DEVELOPMENT_TEAM = 8RSYZ4S4BD;
				ENABLE_PREVIEWS = YES;
				GENERATE_INFOPLIST_FILE = YES;
				INFOPLIST_KEY_UIApplicationSceneManifest_Generation = YES;
				INFOPLIST_KEY_UIApplicationSupportsIndirectInputEvents = YES;
				INFOPLIST_KEY_UILaunchScreen_Generation = YES;
				INFOPLIST_KEY_UISupportedInterfaceOrientations_iPad = "UIInterfaceOrientationPortrait UIInterfaceOrientationPortraitUpsideDown UIInterfaceOrientationLandscapeLeft UIInterfaceOrientationLandscapeRight";
				INFOPLIST_KEY_UISupportedInterfaceOrientations_iPhone = "UIInterfaceOrientationPortrait UIInterfaceOrientationLandscapeLeft UIInterfaceOrientationLandscapeRight";
				LD_RUNPATH_SEARCH_PATHS = (
					"$(inherited)",
					"@executable_path/Frameworks",
				);
				MARKETING_VERSION = 1.0;
				PRODUCT_BUNDLE_IDENTIFIER = com.binayshaw.IonageIosSdkTestApp;
				PRODUCT_NAME = "$(TARGET_NAME)";
				SWIFT_EMIT_LOC_STRINGS = YES;
				SWIFT_VERSION = 5.0;
				TARGETED_DEVICE_FAMILY = "1,2";
			};
			name = Debug;
		};
		4611320B2CC516190044E591 /* Release */ = {
			isa = XCBuildConfiguration;
			buildSettings = {
				ASSETCATALOG_COMPILER_APPICON_NAME = AppIcon;
				ASSETCATALOG_COMPILER_GLOBAL_ACCENT_COLOR_NAME = AccentColor;
				CODE_SIGN_STYLE = Automatic;
				CURRENT_PROJECT_VERSION = 1;
				DEVELOPMENT_ASSET_PATHS = "\"IonageIosSdkTestApp/Preview Content\"";
				DEVELOPMENT_TEAM = 8RSYZ4S4BD;
				ENABLE_PREVIEWS = YES;
				GENERATE_INFOPLIST_FILE = YES;
				INFOPLIST_KEY_UIApplicationSceneManifest_Generation = YES;
				INFOPLIST_KEY_UIApplicationSupportsIndirectInputEvents = YES;
				INFOPLIST_KEY_UILaunchScreen_Generation = YES;
				INFOPLIST_KEY_UISupportedInterfaceOrientations_iPad = "UIInterfaceOrientationPortrait UIInterfaceOrientationPortraitUpsideDown UIInterfaceOrientationLandscapeLeft UIInterfaceOrientationLandscapeRight";
				INFOPLIST_KEY_UISupportedInterfaceOrientations_iPhone = "UIInterfaceOrientationPortrait UIInterfaceOrientationLandscapeLeft UIInterfaceOrientationLandscapeRight";
				LD_RUNPATH_SEARCH_PATHS = (
					"$(inherited)",
					"@executable_path/Frameworks",
				);
				MARKETING_VERSION = 1.0;
				PRODUCT_BUNDLE_IDENTIFIER = com.binayshaw.IonageIosSdkTestApp;
				PRODUCT_NAME = "$(TARGET_NAME)";
				SWIFT_EMIT_LOC_STRINGS = YES;
				SWIFT_VERSION = 5.0;
				TARGETED_DEVICE_FAMILY = "1,2";
			};
			name = Release;
		};
		4611320D2CC516190044E591 /* Debug */ = {
			isa = XCBuildConfiguration;
			buildSettings = {
				BUNDLE_LOADER = "$(TEST_HOST)";
				CODE_SIGN_STYLE = Automatic;
				CURRENT_PROJECT_VERSION = 1;
				DEVELOPMENT_TEAM = 8RSYZ4S4BD;
				GENERATE_INFOPLIST_FILE = YES;
				IPHONEOS_DEPLOYMENT_TARGET = 18.0;
				MARKETING_VERSION = 1.0;
				PRODUCT_BUNDLE_IDENTIFIER = com.binayshaw.IonageIosSdkTestAppTests;
				PRODUCT_NAME = "$(TARGET_NAME)";
				SWIFT_EMIT_LOC_STRINGS = NO;
				SWIFT_VERSION = 5.0;
				TARGETED_DEVICE_FAMILY = "1,2";
				TEST_HOST = "$(BUILT_PRODUCTS_DIR)/IonageIosSdkTestApp.app/$(BUNDLE_EXECUTABLE_FOLDER_PATH)/IonageIosSdkTestApp";
			};
			name = Debug;
		};
		4611320E2CC516190044E591 /* Release */ = {
			isa = XCBuildConfiguration;
			buildSettings = {
				BUNDLE_LOADER = "$(TEST_HOST)";
				CODE_SIGN_STYLE = Automatic;
				CURRENT_PROJECT_VERSION = 1;
				DEVELOPMENT_TEAM = 8RSYZ4S4BD;
				GENERATE_INFOPLIST_FILE = YES;
				IPHONEOS_DEPLOYMENT_TARGET = 18.0;
				MARKETING_VERSION = 1.0;
				PRODUCT_BUNDLE_IDENTIFIER = com.binayshaw.IonageIosSdkTestAppTests;
				PRODUCT_NAME = "$(TARGET_NAME)";
				SWIFT_EMIT_LOC_STRINGS = NO;
				SWIFT_VERSION = 5.0;
				TARGETED_DEVICE_FAMILY = "1,2";
				TEST_HOST = "$(BUILT_PRODUCTS_DIR)/IonageIosSdkTestApp.app/$(BUNDLE_EXECUTABLE_FOLDER_PATH)/IonageIosSdkTestApp";
			};
			name = Release;
		};
		461132102CC516190044E591 /* Debug */ = {
			isa = XCBuildConfiguration;
			buildSettings = {
				CODE_SIGN_STYLE = Automatic;
				CURRENT_PROJECT_VERSION = 1;
				DEVELOPMENT_TEAM = 8RSYZ4S4BD;
				GENERATE_INFOPLIST_FILE = YES;
				MARKETING_VERSION = 1.0;
				PRODUCT_BUNDLE_IDENTIFIER = com.binayshaw.IonageIosSdkTestAppUITests;
				PRODUCT_NAME = "$(TARGET_NAME)";
				SWIFT_EMIT_LOC_STRINGS = NO;
				SWIFT_VERSION = 5.0;
				TARGETED_DEVICE_FAMILY = "1,2";
				TEST_TARGET_NAME = IonageIosSdkTestApp;
			};
			name = Debug;
		};
		461132112CC516190044E591 /* Release */ = {
			isa = XCBuildConfiguration;
			buildSettings = {
				CODE_SIGN_STYLE = Automatic;
				CURRENT_PROJECT_VERSION = 1;
				DEVELOPMENT_TEAM = 8RSYZ4S4BD;
				GENERATE_INFOPLIST_FILE = YES;
				MARKETING_VERSION = 1.0;
				PRODUCT_BUNDLE_IDENTIFIER = com.binayshaw.IonageIosSdkTestAppUITests;
				PRODUCT_NAME = "$(TARGET_NAME)";
				SWIFT_EMIT_LOC_STRINGS = NO;
				SWIFT_VERSION = 5.0;
				TARGETED_DEVICE_FAMILY = "1,2";
				TEST_TARGET_NAME = IonageIosSdkTestApp;
			};
			name = Release;
		};
/* End XCBuildConfiguration section */

/* Begin XCConfigurationList section */
		461131E02CC516180044E591 /* Build configuration list for PBXProject "IonageIosSdkTestApp" */ = {
			isa = XCConfigurationList;
			buildConfigurations = (
				461132072CC516190044E591 /* Debug */,
				461132082CC516190044E591 /* Release */,
			);
			defaultConfigurationIsVisible = 0;
			defaultConfigurationName = Release;
		};
		461132092CC516190044E591 /* Build configuration list for PBXNativeTarget "IonageIosSdkTestApp" */ = {
			isa = XCConfigurationList;
			buildConfigurations = (
				4611320A2CC516190044E591 /* Debug */,
				4611320B2CC516190044E591 /* Release */,
			);
			defaultConfigurationIsVisible = 0;
			defaultConfigurationName = Release;
		};
		4611320C2CC516190044E591 /* Build configuration list for PBXNativeTarget "IonageIosSdkTestAppTests" */ = {
			isa = XCConfigurationList;
			buildConfigurations = (
				4611320D2CC516190044E591 /* Debug */,
				4611320E2CC516190044E591 /* Release */,
			);
			defaultConfigurationIsVisible = 0;
			defaultConfigurationName = Release;
		};
		4611320F2CC516190044E591 /* Build configuration list for PBXNativeTarget "IonageIosSdkTestAppUITests" */ = {
			isa = XCConfigurationList;
			buildConfigurations = (
				461132102CC516190044E591 /* Debug */,
				461132112CC516190044E591 /* Release */,
			);
			defaultConfigurationIsVisible = 0;
			defaultConfigurationName = Release;
		};
/* End XCConfigurationList section */

/* Begin XCRemoteSwiftPackageReference section */
		4611321D2CC51AAB0044E591 /* XCRemoteSwiftPackageReference "IonageSDKLibraryTest" */ = {
			isa = XCRemoteSwiftPackageReference;
			repositoryURL = "https://github.com/binay-shaw-ionage/IonageSDKLibraryTest";
			requirement = {
				branch = main;
				kind = branch;
			};
		};
/* End XCRemoteSwiftPackageReference section */

/* Begin XCSwiftPackageProductDependency section */
		4611321E2CC51AAB0044E591 /* IonageSDKLibraryTest */ = {
			isa = XCSwiftPackageProductDependency;
			package = 4611321D2CC51AAB0044E591 /* XCRemoteSwiftPackageReference "IonageSDKLibraryTest" */;
			productName = IonageSDKLibraryTest;
		};
/* End XCSwiftPackageProductDependency section */
	};
	rootObject = 461131DD2CC516180044E591 /* Project object */;
}
